
Microsoft Visual Studio Solution File, Format Version 12.00
# Visual Studio Version 16
VisualStudioVersion = 16.0.31729.503
MinimumVisualStudioVersion = 10.0.40219.1
Project("{FAE04EC0-301F-11D3-BF4B-00C04F79EFBC}") = "Module2HW6", "Module2HW6\Module2HW6.csproj", "{2F2D4D14-765A-4439-B6A0-FC28BDE70F49}"
EndProject
Global
	GlobalSection(SolutionConfigurationPlatforms) = preSolution
		Debug|Any CPU = Debug|Any CPU
		Release|Any CPU = Release|Any CPU
	EndGlobalSection
	GlobalSection(ProjectConfigurationPlatforms) = postSolution
		{2F2D4D14-765A-4439-B6A0-FC28BDE70F49}.Debug|Any CPU.ActiveCfg = Debug|Any CPU
		{2F2D4D14-765A-4439-B6A0-FC28BDE70F49}.Debug|Any CPU.Build.0 = Debug|Any CPU
		{2F2D4D14-765A-4439-B6A0-FC28BDE70F49}.Release|Any CPU.ActiveCfg = Release|Any CPU
		{2F2D4D14-765A-4439-B6A0-FC28BDE70F49}.Release|Any CPU.Build.0 = Release|Any CPU
	EndGlobalSection
	GlobalSection(SolutionProperties) = preSolution
		HideSolutionNode = FALSE
	EndGlobalSection
	GlobalSection(ExtensibilityGlobals) = postSolution
		SolutionGuid = {9E9EE346-3FCD-4A73-A2CD-3B144606EF65}
	EndGlobalSection
EndGlobal
